
Microsoft Visual Studio Solution File, Format Version 12.00
# Visual Studio Version 17
VisualStudioVersion = 17.4.33213.308
MinimumVisualStudioVersion = 10.0.40219.1
Project("{FAE04EC0-301F-11D3-BF4B-00C04F79EFBC}") = "DataConnecting", "DataConecting\DataConnecting.csproj", "{7A0E7435-C27E-444C-BBFE-5EF3070C8AE3}"
EndProject
Global
	GlobalSection(SolutionConfigurationPlatforms) = preSolution
		Debug|Any CPU = Debug|Any CPU
		Release|Any CPU = Release|Any CPU
	EndGlobalSection
	GlobalSection(ProjectConfigurationPlatforms) = postSolution
		{7A0E7435-C27E-444C-BBFE-5EF3070C8AE3}.Debug|Any CPU.ActiveCfg = Debug|Any CPU
		{7A0E7435-C27E-444C-BBFE-5EF3070C8AE3}.Debug|Any CPU.Build.0 = Debug|Any CPU
		{7A0E7435-C27E-444C-BBFE-5EF3070C8AE3}.Release|Any CPU.ActiveCfg = Release|Any CPU
		{7A0E7435-C27E-444C-BBFE-5EF3070C8AE3}.Release|Any CPU.Build.0 = Release|Any CPU
	EndGlobalSection
	GlobalSection(SolutionProperties) = preSolution
		HideSolutionNode = FALSE
	EndGlobalSection
	GlobalSection(ExtensibilityGlobals) = postSolution
		SolutionGuid = {352C5FA6-7114-43D7-A8B7-12BE7EDAF189}
	EndGlobalSection
EndGlobal
