
Microsoft Visual Studio Solution File, Format Version 12.00
# Visual Studio Version 17
VisualStudioVersion = 17.4.33213.308
MinimumVisualStudioVersion = 10.0.40219.1
Project("{FAE04EC0-301F-11D3-BF4B-00C04F79EFBC}") = "DateTimeTrain", "DateTimeTrain\DateTimeTrain.csproj", "{5E2D345F-CC1C-42BB-956D-78D13645D35F}"
EndProject
Global
	GlobalSection(SolutionConfigurationPlatforms) = preSolution
		Debug|Any CPU = Debug|Any CPU
		Release|Any CPU = Release|Any CPU
	EndGlobalSection
	GlobalSection(ProjectConfigurationPlatforms) = postSolution
		{5E2D345F-CC1C-42BB-956D-78D13645D35F}.Debug|Any CPU.ActiveCfg = Debug|Any CPU
		{5E2D345F-CC1C-42BB-956D-78D13645D35F}.Debug|Any CPU.Build.0 = Debug|Any CPU
		{5E2D345F-CC1C-42BB-956D-78D13645D35F}.Release|Any CPU.ActiveCfg = Release|Any CPU
		{5E2D345F-CC1C-42BB-956D-78D13645D35F}.Release|Any CPU.Build.0 = Release|Any CPU
	EndGlobalSection
	GlobalSection(SolutionProperties) = preSolution
		HideSolutionNode = FALSE
	EndGlobalSection
	GlobalSection(ExtensibilityGlobals) = postSolution
		SolutionGuid = {6A5F7C09-9684-4EE0-AB4B-D0E889339D23}
	EndGlobalSection
EndGlobal
