
Microsoft Visual Studio Solution File, Format Version 12.00
# Visual Studio Version 17
VisualStudioVersion = 17.4.33213.308
MinimumVisualStudioVersion = 10.0.40219.1
Project("{FAE04EC0-301F-11D3-BF4B-00C04F79EFBC}") = "FileOperations", "FileOperations\FileOperations.csproj", "{402755C3-725C-4E44-9F1D-58B73A2EAB26}"
EndProject
Global
	GlobalSection(SolutionConfigurationPlatforms) = preSolution
		Debug|Any CPU = Debug|Any CPU
		Release|Any CPU = Release|Any CPU
	EndGlobalSection
	GlobalSection(ProjectConfigurationPlatforms) = postSolution
		{402755C3-725C-4E44-9F1D-58B73A2EAB26}.Debug|Any CPU.ActiveCfg = Debug|Any CPU
		{402755C3-725C-4E44-9F1D-58B73A2EAB26}.Debug|Any CPU.Build.0 = Debug|Any CPU
		{402755C3-725C-4E44-9F1D-58B73A2EAB26}.Release|Any CPU.ActiveCfg = Release|Any CPU
		{402755C3-725C-4E44-9F1D-58B73A2EAB26}.Release|Any CPU.Build.0 = Release|Any CPU
	EndGlobalSection
	GlobalSection(SolutionProperties) = preSolution
		HideSolutionNode = FALSE
	EndGlobalSection
	GlobalSection(ExtensibilityGlobals) = postSolution
		SolutionGuid = {2BB8570F-110A-4E2C-AB81-53281399A38E}
	EndGlobalSection
EndGlobal
